// !$*UTF8*$!
{
	archiveVersion = 1;
	classes = {
	};
	objectVersion = 46;
	objects = {

/* Begin PBXBuildFile section */
		0815079C16D9C6C400C311DF /* readme.md in Resources */ = {isa = PBXBuildFile; fileRef = 0815079B16D9C6C400C311DF /* readme.md */; };
		0896F3BC1702776A00DDEBE8 /* header.png in Resources */ = {isa = PBXBuildFile; fileRef = 0896F3BB1702776A00DDEBE8 /* header.png */; };
		0896F3BE170287B500DDEBE8 /* filterButton.png in Resources */ = {isa = PBXBuildFile; fileRef = 0896F3BD170287B500DDEBE8 /* filterButton.png */; };
		089C1B691703302F008A870D /* logo-sm.png in Resources */ = {isa = PBXBuildFile; fileRef = 089C1B681703302F008A870D /* logo-sm.png */; };
		089C1B6B1703308E008A870D /* logo-lg.png in Resources */ = {isa = PBXBuildFile; fileRef = 089C1B6A1703308E008A870D /* logo-lg.png */; };
		089C1B6E1703466F008A870D /* libTestFlight.a in Frameworks */ = {isa = PBXBuildFile; fileRef = 089C1B6C1703466F008A870D /* libTestFlight.a */; };
		089C1B70170346AF008A870D /* libz.dylib in Frameworks */ = {isa = PBXBuildFile; fileRef = 089C1B6F170346AF008A870D /* libz.dylib */; };
		089C1B72170346F9008A870D /* CoreTelephony.framework in Frameworks */ = {isa = PBXBuildFile; fileRef = 089C1B71170346F9008A870D /* CoreTelephony.framework */; };
		089C1B7417034707008A870D /* QuartzCore.framework in Frameworks */ = {isa = PBXBuildFile; fileRef = 089C1B7317034707008A870D /* QuartzCore.framework */; };
		089C1B761703470F008A870D /* StoreKit.framework in Frameworks */ = {isa = PBXBuildFile; fileRef = 089C1B751703470F008A870D /* StoreKit.framework */; };
		089C1B7817037B9A008A870D /* Parse.framework in Frameworks */ = {isa = PBXBuildFile; fileRef = 089C1B7717037B9A008A870D /* Parse.framework */; };
		089C1B7A17037BE3008A870D /* AudioToolbox.framework in Frameworks */ = {isa = PBXBuildFile; fileRef = 089C1B7917037BE3008A870D /* AudioToolbox.framework */; };
		089C1B7C17037BEA008A870D /* CFNetwork.framework in Frameworks */ = {isa = PBXBuildFile; fileRef = 089C1B7B17037BEA008A870D /* CFNetwork.framework */; };
		089C1B7E17037BF9008A870D /* MobileCoreServices.framework in Frameworks */ = {isa = PBXBuildFile; fileRef = 089C1B7D17037BF9008A870D /* MobileCoreServices.framework */; };
		089C1B8017037C03008A870D /* Security.framework in Frameworks */ = {isa = PBXBuildFile; fileRef = 089C1B7F17037C03008A870D /* Security.framework */; };
		089C1B8217037CCA008A870D /* CoreLocation.framework in Frameworks */ = {isa = PBXBuildFile; fileRef = 089C1B8117037CCA008A870D /* CoreLocation.framework */; };
		089C1B8417037CD2008A870D /* libz.1.1.3.dylib in Frameworks */ = {isa = PBXBuildFile; fileRef = 089C1B8317037CD2008A870D /* libz.1.1.3.dylib */; };
		089C1B871703D334008A870D /* ShakeView.m in Sources */ = {isa = PBXBuildFile; fileRef = 089C1B861703D334008A870D /* ShakeView.m */; };
		089C1B891703F4A3008A870D /* disclosureNav.png in Resources */ = {isa = PBXBuildFile; fileRef = 089C1B881703F4A3008A870D /* disclosureNav.png */; };
		08CE9DC116D7C6D4008AF6BA /* UIKit.framework in Frameworks */ = {isa = PBXBuildFile; fileRef = 08CE9DC016D7C6D4008AF6BA /* UIKit.framework */; };
		08CE9DC316D7C6D4008AF6BA /* Foundation.framework in Frameworks */ = {isa = PBXBuildFile; fileRef = 08CE9DC216D7C6D4008AF6BA /* Foundation.framework */; };
		08CE9DC516D7C6D4008AF6BA /* CoreGraphics.framework in Frameworks */ = {isa = PBXBuildFile; fileRef = 08CE9DC416D7C6D4008AF6BA /* CoreGraphics.framework */; };
		08CE9DCB16D7C6D4008AF6BA /* InfoPlist.strings in Resources */ = {isa = PBXBuildFile; fileRef = 08CE9DC916D7C6D4008AF6BA /* InfoPlist.strings */; };
		08CE9DCD16D7C6D4008AF6BA /* main.m in Sources */ = {isa = PBXBuildFile; fileRef = 08CE9DCC16D7C6D4008AF6BA /* main.m */; };
		08CE9DD116D7C6D4008AF6BA /* AppDelegate.m in Sources */ = {isa = PBXBuildFile; fileRef = 08CE9DD016D7C6D4008AF6BA /* AppDelegate.m */; };
		08CE9DD316D7C6D4008AF6BA /* Default.png in Resources */ = {isa = PBXBuildFile; fileRef = 08CE9DD216D7C6D4008AF6BA /* Default.png */; };
		08CE9DD516D7C6D4008AF6BA /* Default@2x.png in Resources */ = {isa = PBXBuildFile; fileRef = 08CE9DD416D7C6D4008AF6BA /* Default@2x.png */; };
		08CE9DD716D7C6D5008AF6BA /* Default-568h@2x.png in Resources */ = {isa = PBXBuildFile; fileRef = 08CE9DD616D7C6D5008AF6BA /* Default-568h@2x.png */; };
		08CE9DDA16D7C6D5008AF6BA /* ViewController.m in Sources */ = {isa = PBXBuildFile; fileRef = 08CE9DD916D7C6D5008AF6BA /* ViewController.m */; };
		08CE9DDD16D7C6D5008AF6BA /* ViewController_iPhone.xib in Resources */ = {isa = PBXBuildFile; fileRef = 08CE9DDB16D7C6D5008AF6BA /* ViewController_iPhone.xib */; };
		08CE9DE016D7C6D5008AF6BA /* ViewController_iPad.xib in Resources */ = {isa = PBXBuildFile; fileRef = 08CE9DDE16D7C6D5008AF6BA /* ViewController_iPad.xib */; };
		08CE9DE816D7CACE008AF6BA /* prefs.m in Sources */ = {isa = PBXBuildFile; fileRef = 08CE9DE716D7CACE008AF6BA /* prefs.m */; };
		08CE9DEC16D7F434008AF6BA /* officialResponseViewController.m in Sources */ = {isa = PBXBuildFile; fileRef = 08CE9DEA16D7F434008AF6BA /* officialResponseViewController.m */; };
		08CE9DED16D7F434008AF6BA /* officialResponseViewController.xib in Resources */ = {isa = PBXBuildFile; fileRef = 08CE9DEB16D7F434008AF6BA /* officialResponseViewController.xib */; };
		08CE9DF116D7F4B3008AF6BA /* openPeitionsViewController.m in Sources */ = {isa = PBXBuildFile; fileRef = 08CE9DEF16D7F4B3008AF6BA /* openPeitionsViewController.m */; };
		08CE9DF216D7F4B3008AF6BA /* openPeitionsViewController.xib in Resources */ = {isa = PBXBuildFile; fileRef = 08CE9DF016D7F4B3008AF6BA /* openPeitionsViewController.xib */; };
		08CE9DF616D7F575008AF6BA /* awaitingResponseViewController.m in Sources */ = {isa = PBXBuildFile; fileRef = 08CE9DF416D7F575008AF6BA /* awaitingResponseViewController.m */; };
		08CE9DF716D7F575008AF6BA /* awaitingResponseViewController.xib in Resources */ = {isa = PBXBuildFile; fileRef = 08CE9DF516D7F575008AF6BA /* awaitingResponseViewController.xib */; };
		08CE9DFB16D812FB008AF6BA /* WebViewController.m in Sources */ = {isa = PBXBuildFile; fileRef = 08CE9DF916D812FA008AF6BA /* WebViewController.m */; };
		08CE9DFC16D812FB008AF6BA /* WebViewController.xib in Resources */ = {isa = PBXBuildFile; fileRef = 08CE9DFA16D812FA008AF6BA /* WebViewController.xib */; };
		08CE9DFE16D81B4B008AF6BA /* Default-568h@2x.png in Resources */ = {isa = PBXBuildFile; fileRef = 08CE9DFD16D81B4B008AF6BA /* Default-568h@2x.png */; };
		08CE9E0016D81B53008AF6BA /* Default@2x.png in Resources */ = {isa = PBXBuildFile; fileRef = 08CE9DFF16D81B53008AF6BA /* Default@2x.png */; };
		08CE9E0216D81B69008AF6BA /* Default.png in Resources */ = {isa = PBXBuildFile; fileRef = 08CE9E0116D81B69008AF6BA /* Default.png */; };
		08CE9E0416D81B9A008AF6BA /* Icon.png in Resources */ = {isa = PBXBuildFile; fileRef = 08CE9E0316D81B9A008AF6BA /* Icon.png */; };
		08CE9E0616D81B9E008AF6BA /* Icon@2x.png in Resources */ = {isa = PBXBuildFile; fileRef = 08CE9E0516D81B9E008AF6BA /* Icon@2x.png */; };
		08E4B5C116F0F1760091AFE8 /* FavoritePetitionsViewController.m in Sources */ = {isa = PBXBuildFile; fileRef = 08E4B5BF16F0F1760091AFE8 /* FavoritePetitionsViewController.m */; };
		08E4B5C216F0F1760091AFE8 /* FavoritePetitionsViewController.xib in Resources */ = {isa = PBXBuildFile; fileRef = 08E4B5C016F0F1760091AFE8 /* FavoritePetitionsViewController.xib */; };
		08E4B62516FE47AC0091AFE8 /* gear.png in Resources */ = {isa = PBXBuildFile; fileRef = 08E4B62316FE47AB0091AFE8 /* gear.png */; };
		08E4B62616FE47AC0091AFE8 /* gear@2x.png in Resources */ = {isa = PBXBuildFile; fileRef = 08E4B62416FE47AB0091AFE8 /* gear@2x.png */; };
		08E4B62D16FE70B80091AFE8 /* Reachability.m in Sources */ = {isa = PBXBuildFile; fileRef = 08E4B62C16FE70B80091AFE8 /* Reachability.m */; settings = {COMPILER_FLAGS = "-fno-objc-arc"; }; };
		08E4B66016FFB2A40091AFE8 /* SystemConfiguration.framework in Frameworks */ = {isa = PBXBuildFile; fileRef = 08E4B65F16FFB2A30091AFE8 /* SystemConfiguration.framework */; };
		E56CBEB60291477D900B9DE8 /* libPods.a in Frameworks */ = {isa = PBXBuildFile; fileRef = 4B1CF65AF24043B895DE8242 /* libPods.a */; };
/* End PBXBuildFile section */

/* Begin PBXFileReference section */
		0815079B16D9C6C400C311DF /* readme.md */ = {isa = PBXFileReference; fileEncoding = 4; lastKnownFileType = text; path = readme.md; sourceTree = "<group>"; };
		0896F3BB1702776A00DDEBE8 /* header.png */ = {isa = PBXFileReference; lastKnownFileType = image.png; path = header.png; sourceTree = "<group>"; };
		0896F3BD170287B500DDEBE8 /* filterButton.png */ = {isa = PBXFileReference; lastKnownFileType = image.png; path = filterButton.png; sourceTree = "<group>"; };
		089C1B681703302F008A870D /* logo-sm.png */ = {isa = PBXFileReference; lastKnownFileType = image.png; path = "logo-sm.png"; sourceTree = "<group>"; };
		089C1B6A1703308E008A870D /* logo-lg.png */ = {isa = PBXFileReference; lastKnownFileType = image.png; path = "logo-lg.png"; sourceTree = "<group>"; };
		089C1B6C1703466F008A870D /* libTestFlight.a */ = {isa = PBXFileReference; lastKnownFileType = archive.ar; path = libTestFlight.a; sourceTree = "<group>"; };
		089C1B6D1703466F008A870D /* TestFlight.h */ = {isa = PBXFileReference; fileEncoding = 4; lastKnownFileType = sourcecode.c.h; path = TestFlight.h; sourceTree = "<group>"; };
		089C1B6F170346AF008A870D /* libz.dylib */ = {isa = PBXFileReference; lastKnownFileType = "compiled.mach-o.dylib"; name = libz.dylib; path = usr/lib/libz.dylib; sourceTree = SDKROOT; };
		089C1B71170346F9008A870D /* CoreTelephony.framework */ = {isa = PBXFileReference; lastKnownFileType = wrapper.framework; name = CoreTelephony.framework; path = System/Library/Frameworks/CoreTelephony.framework; sourceTree = SDKROOT; };
		089C1B7317034707008A870D /* QuartzCore.framework */ = {isa = PBXFileReference; lastKnownFileType = wrapper.framework; name = QuartzCore.framework; path = System/Library/Frameworks/QuartzCore.framework; sourceTree = SDKROOT; };
		089C1B751703470F008A870D /* StoreKit.framework */ = {isa = PBXFileReference; lastKnownFileType = wrapper.framework; name = StoreKit.framework; path = System/Library/Frameworks/StoreKit.framework; sourceTree = SDKROOT; };
		089C1B7717037B9A008A870D /* Parse.framework */ = {isa = PBXFileReference; lastKnownFileType = wrapper.framework; path = Parse.framework; sourceTree = "<group>"; };
		089C1B7917037BE3008A870D /* AudioToolbox.framework */ = {isa = PBXFileReference; lastKnownFileType = wrapper.framework; name = AudioToolbox.framework; path = System/Library/Frameworks/AudioToolbox.framework; sourceTree = SDKROOT; };
		089C1B7B17037BEA008A870D /* CFNetwork.framework */ = {isa = PBXFileReference; lastKnownFileType = wrapper.framework; name = CFNetwork.framework; path = System/Library/Frameworks/CFNetwork.framework; sourceTree = SDKROOT; };
		089C1B7D17037BF9008A870D /* MobileCoreServices.framework */ = {isa = PBXFileReference; lastKnownFileType = wrapper.framework; name = MobileCoreServices.framework; path = System/Library/Frameworks/MobileCoreServices.framework; sourceTree = SDKROOT; };
		089C1B7F17037C03008A870D /* Security.framework */ = {isa = PBXFileReference; lastKnownFileType = wrapper.framework; name = Security.framework; path = System/Library/Frameworks/Security.framework; sourceTree = SDKROOT; };
		089C1B8117037CCA008A870D /* CoreLocation.framework */ = {isa = PBXFileReference; lastKnownFileType = wrapper.framework; name = CoreLocation.framework; path = System/Library/Frameworks/CoreLocation.framework; sourceTree = SDKROOT; };
		089C1B8317037CD2008A870D /* libz.1.1.3.dylib */ = {isa = PBXFileReference; lastKnownFileType = "compiled.mach-o.dylib"; name = libz.1.1.3.dylib; path = usr/lib/libz.1.1.3.dylib; sourceTree = SDKROOT; };
		089C1B851703D334008A870D /* ShakeView.h */ = {isa = PBXFileReference; fileEncoding = 4; lastKnownFileType = sourcecode.c.h; path = ShakeView.h; sourceTree = "<group>"; };
		089C1B861703D334008A870D /* ShakeView.m */ = {isa = PBXFileReference; fileEncoding = 4; lastKnownFileType = sourcecode.c.objc; path = ShakeView.m; sourceTree = "<group>"; };
		089C1B881703F4A3008A870D /* disclosureNav.png */ = {isa = PBXFileReference; lastKnownFileType = image.png; path = disclosureNav.png; sourceTree = "<group>"; };
		08CE9DBD16D7C6D4008AF6BA /* WeThePeople.app */ = {isa = PBXFileReference; explicitFileType = wrapper.application; includeInIndex = 0; path = WeThePeople.app; sourceTree = BUILT_PRODUCTS_DIR; };
		08CE9DC016D7C6D4008AF6BA /* UIKit.framework */ = {isa = PBXFileReference; includeInIndex = 1; lastKnownFileType = wrapper.framework; name = UIKit.framework; path = System/Library/Frameworks/UIKit.framework; sourceTree = SDKROOT; };
		08CE9DC216D7C6D4008AF6BA /* Foundation.framework */ = {isa = PBXFileReference; includeInIndex = 1; lastKnownFileType = wrapper.framework; name = Foundation.framework; path = System/Library/Frameworks/Foundation.framework; sourceTree = SDKROOT; };
		08CE9DC416D7C6D4008AF6BA /* CoreGraphics.framework */ = {isa = PBXFileReference; includeInIndex = 1; lastKnownFileType = wrapper.framework; name = CoreGraphics.framework; path = System/Library/Frameworks/CoreGraphics.framework; sourceTree = SDKROOT; };
		08CE9DC816D7C6D4008AF6BA /* WeThePeople-Info.plist */ = {isa = PBXFileReference; lastKnownFileType = text.plist.xml; path = "WeThePeople-Info.plist"; sourceTree = "<group>"; };
		08CE9DCA16D7C6D4008AF6BA /* en */ = {isa = PBXFileReference; lastKnownFileType = text.plist.strings; name = en; path = en.lproj/InfoPlist.strings; sourceTree = "<group>"; };
		08CE9DCC16D7C6D4008AF6BA /* main.m */ = {isa = PBXFileReference; lastKnownFileType = sourcecode.c.objc; path = main.m; sourceTree = "<group>"; };
		08CE9DCE16D7C6D4008AF6BA /* WeThePeople-Prefix.pch */ = {isa = PBXFileReference; lastKnownFileType = sourcecode.c.h; path = "WeThePeople-Prefix.pch"; sourceTree = "<group>"; };
		08CE9DCF16D7C6D4008AF6BA /* AppDelegate.h */ = {isa = PBXFileReference; lastKnownFileType = sourcecode.c.h; path = AppDelegate.h; sourceTree = "<group>"; };
		08CE9DD016D7C6D4008AF6BA /* AppDelegate.m */ = {isa = PBXFileReference; lastKnownFileType = sourcecode.c.objc; path = AppDelegate.m; sourceTree = "<group>"; };
		08CE9DD216D7C6D4008AF6BA /* Default.png */ = {isa = PBXFileReference; lastKnownFileType = image.png; path = Default.png; sourceTree = "<group>"; };
		08CE9DD416D7C6D4008AF6BA /* Default@2x.png */ = {isa = PBXFileReference; lastKnownFileType = image.png; path = "Default@2x.png"; sourceTree = "<group>"; };
		08CE9DD616D7C6D5008AF6BA /* Default-568h@2x.png */ = {isa = PBXFileReference; lastKnownFileType = image.png; path = "Default-568h@2x.png"; sourceTree = "<group>"; };
		08CE9DD816D7C6D5008AF6BA /* ViewController.h */ = {isa = PBXFileReference; lastKnownFileType = sourcecode.c.h; path = ViewController.h; sourceTree = "<group>"; };
		08CE9DD916D7C6D5008AF6BA /* ViewController.m */ = {isa = PBXFileReference; lastKnownFileType = sourcecode.c.objc; path = ViewController.m; sourceTree = "<group>"; };
		08CE9DDC16D7C6D5008AF6BA /* en */ = {isa = PBXFileReference; lastKnownFileType = file.xib; name = en; path = en.lproj/ViewController_iPhone.xib; sourceTree = "<group>"; };
		08CE9DDF16D7C6D5008AF6BA /* en */ = {isa = PBXFileReference; lastKnownFileType = file.xib; name = en; path = en.lproj/ViewController_iPad.xib; sourceTree = "<group>"; };
		08CE9DE616D7CACE008AF6BA /* prefs.h */ = {isa = PBXFileReference; fileEncoding = 4; lastKnownFileType = sourcecode.c.h; path = prefs.h; sourceTree = "<group>"; };
		08CE9DE716D7CACE008AF6BA /* prefs.m */ = {isa = PBXFileReference; fileEncoding = 4; lastKnownFileType = sourcecode.c.objc; path = prefs.m; sourceTree = "<group>"; };
		08CE9DE916D7F434008AF6BA /* officialResponseViewController.h */ = {isa = PBXFileReference; fileEncoding = 4; lastKnownFileType = sourcecode.c.h; path = officialResponseViewController.h; sourceTree = "<group>"; };
		08CE9DEA16D7F434008AF6BA /* officialResponseViewController.m */ = {isa = PBXFileReference; fileEncoding = 4; lastKnownFileType = sourcecode.c.objc; path = officialResponseViewController.m; sourceTree = "<group>"; };
		08CE9DEB16D7F434008AF6BA /* officialResponseViewController.xib */ = {isa = PBXFileReference; fileEncoding = 4; lastKnownFileType = file.xib; path = officialResponseViewController.xib; sourceTree = "<group>"; };
		08CE9DEE16D7F4B3008AF6BA /* openPeitionsViewController.h */ = {isa = PBXFileReference; fileEncoding = 4; lastKnownFileType = sourcecode.c.h; path = openPeitionsViewController.h; sourceTree = "<group>"; };
		08CE9DEF16D7F4B3008AF6BA /* openPeitionsViewController.m */ = {isa = PBXFileReference; fileEncoding = 4; lastKnownFileType = sourcecode.c.objc; path = openPeitionsViewController.m; sourceTree = "<group>"; };
		08CE9DF016D7F4B3008AF6BA /* openPeitionsViewController.xib */ = {isa = PBXFileReference; fileEncoding = 4; lastKnownFileType = file.xib; path = openPeitionsViewController.xib; sourceTree = "<group>"; };
		08CE9DF316D7F575008AF6BA /* awaitingResponseViewController.h */ = {isa = PBXFileReference; fileEncoding = 4; lastKnownFileType = sourcecode.c.h; path = awaitingResponseViewController.h; sourceTree = "<group>"; };
		08CE9DF416D7F575008AF6BA /* awaitingResponseViewController.m */ = {isa = PBXFileReference; fileEncoding = 4; lastKnownFileType = sourcecode.c.objc; path = awaitingResponseViewController.m; sourceTree = "<group>"; };
		08CE9DF516D7F575008AF6BA /* awaitingResponseViewController.xib */ = {isa = PBXFileReference; fileEncoding = 4; lastKnownFileType = file.xib; path = awaitingResponseViewController.xib; sourceTree = "<group>"; };
		08CE9DF816D812FA008AF6BA /* WebViewController.h */ = {isa = PBXFileReference; fileEncoding = 4; lastKnownFileType = sourcecode.c.h; path = WebViewController.h; sourceTree = "<group>"; };
		08CE9DF916D812FA008AF6BA /* WebViewController.m */ = {isa = PBXFileReference; fileEncoding = 4; lastKnownFileType = sourcecode.c.objc; path = WebViewController.m; sourceTree = "<group>"; };
		08CE9DFA16D812FA008AF6BA /* WebViewController.xib */ = {isa = PBXFileReference; fileEncoding = 4; lastKnownFileType = file.xib; path = WebViewController.xib; sourceTree = "<group>"; };
		08CE9DFD16D81B4B008AF6BA /* Default-568h@2x.png */ = {isa = PBXFileReference; lastKnownFileType = image.png; path = "Default-568h@2x.png"; sourceTree = "<group>"; };
		08CE9DFF16D81B53008AF6BA /* Default@2x.png */ = {isa = PBXFileReference; lastKnownFileType = image.png; path = "Default@2x.png"; sourceTree = "<group>"; };
		08CE9E0116D81B69008AF6BA /* Default.png */ = {isa = PBXFileReference; lastKnownFileType = image.png; path = Default.png; sourceTree = "<group>"; };
		08CE9E0316D81B9A008AF6BA /* Icon.png */ = {isa = PBXFileReference; lastKnownFileType = image.png; path = Icon.png; sourceTree = "<group>"; };
		08CE9E0516D81B9E008AF6BA /* Icon@2x.png */ = {isa = PBXFileReference; lastKnownFileType = image.png; path = "Icon@2x.png"; sourceTree = "<group>"; };
		08E4B5BE16F0F1760091AFE8 /* FavoritePetitionsViewController.h */ = {isa = PBXFileReference; fileEncoding = 4; lastKnownFileType = sourcecode.c.h; path = FavoritePetitionsViewController.h; sourceTree = "<group>"; };
		08E4B5BF16F0F1760091AFE8 /* FavoritePetitionsViewController.m */ = {isa = PBXFileReference; fileEncoding = 4; lastKnownFileType = sourcecode.c.objc; path = FavoritePetitionsViewController.m; sourceTree = "<group>"; };
		08E4B5C016F0F1760091AFE8 /* FavoritePetitionsViewController.xib */ = {isa = PBXFileReference; fileEncoding = 4; lastKnownFileType = file.xib; path = FavoritePetitionsViewController.xib; sourceTree = "<group>"; };
		08E4B62316FE47AB0091AFE8 /* gear.png */ = {isa = PBXFileReference; lastKnownFileType = image.png; path = gear.png; sourceTree = "<group>"; };
		08E4B62416FE47AB0091AFE8 /* gear@2x.png */ = {isa = PBXFileReference; lastKnownFileType = image.png; path = "gear@2x.png"; sourceTree = "<group>"; };
		08E4B62B16FE70B80091AFE8 /* Reachability.h */ = {isa = PBXFileReference; fileEncoding = 4; lastKnownFileType = sourcecode.c.h; path = Reachability.h; sourceTree = "<group>"; };
		08E4B62C16FE70B80091AFE8 /* Reachability.m */ = {isa = PBXFileReference; fileEncoding = 4; lastKnownFileType = sourcecode.c.objc; path = Reachability.m; sourceTree = "<group>"; };
		08E4B65F16FFB2A30091AFE8 /* SystemConfiguration.framework */ = {isa = PBXFileReference; lastKnownFileType = wrapper.framework; name = SystemConfiguration.framework; path = System/Library/Frameworks/SystemConfiguration.framework; sourceTree = SDKROOT; };
		4B1CF65AF24043B895DE8242 /* libPods.a */ = {isa = PBXFileReference; explicitFileType = archive.ar; includeInIndex = 0; path = libPods.a; sourceTree = BUILT_PRODUCTS_DIR; };
		4CD6CEC8F877414F8923BA76 /* Pods.xcconfig */ = {isa = PBXFileReference; includeInIndex = 1; lastKnownFileType = text.xcconfig; name = Pods.xcconfig; path = Pods/Pods.xcconfig; sourceTree = SOURCE_ROOT; };
/* End PBXFileReference section */

/* Begin PBXFrameworksBuildPhase section */
		08CE9DBA16D7C6D4008AF6BA /* Frameworks */ = {
			isa = PBXFrameworksBuildPhase;
			buildActionMask = 2147483647;
			files = (
				089C1B8417037CD2008A870D /* libz.1.1.3.dylib in Frameworks */,
				089C1B8217037CCA008A870D /* CoreLocation.framework in Frameworks */,
				089C1B8017037C03008A870D /* Security.framework in Frameworks */,
				089C1B7E17037BF9008A870D /* MobileCoreServices.framework in Frameworks */,
				089C1B7C17037BEA008A870D /* CFNetwork.framework in Frameworks */,
				089C1B7A17037BE3008A870D /* AudioToolbox.framework in Frameworks */,
				089C1B761703470F008A870D /* StoreKit.framework in Frameworks */,
				089C1B7417034707008A870D /* QuartzCore.framework in Frameworks */,
				089C1B72170346F9008A870D /* CoreTelephony.framework in Frameworks */,
				08CE9DC516D7C6D4008AF6BA /* CoreGraphics.framework in Frameworks */,
				089C1B70170346AF008A870D /* libz.dylib in Frameworks */,
				08E4B66016FFB2A40091AFE8 /* SystemConfiguration.framework in Frameworks */,
				08CE9DC116D7C6D4008AF6BA /* UIKit.framework in Frameworks */,
				08CE9DC316D7C6D4008AF6BA /* Foundation.framework in Frameworks */,
				E56CBEB60291477D900B9DE8 /* libPods.a in Frameworks */,
				089C1B6E1703466F008A870D /* libTestFlight.a in Frameworks */,
				089C1B7817037B9A008A870D /* Parse.framework in Frameworks */,
			);
			runOnlyForDeploymentPostprocessing = 0;
		};
/* End PBXFrameworksBuildPhase section */

/* Begin PBXGroup section */
		08CE9DB416D7C6D4008AF6BA = {
			isa = PBXGroup;
			children = (
				089C1B8317037CD2008A870D /* libz.1.1.3.dylib */,
				089C1B8117037CCA008A870D /* CoreLocation.framework */,
				089C1B7F17037C03008A870D /* Security.framework */,
				089C1B7D17037BF9008A870D /* MobileCoreServices.framework */,
				089C1B7B17037BEA008A870D /* CFNetwork.framework */,
				089C1B7917037BE3008A870D /* AudioToolbox.framework */,
				089C1B751703470F008A870D /* StoreKit.framework */,
				089C1B7317034707008A870D /* QuartzCore.framework */,
				089C1B71170346F9008A870D /* CoreTelephony.framework */,
				089C1B6F170346AF008A870D /* libz.dylib */,
				089C1B6A1703308E008A870D /* logo-lg.png */,
				089C1B681703302F008A870D /* logo-sm.png */,
				08E4B65F16FFB2A30091AFE8 /* SystemConfiguration.framework */,
				08CE9E0516D81B9E008AF6BA /* Icon@2x.png */,
				08E4B62316FE47AB0091AFE8 /* gear.png */,
				08E4B62416FE47AB0091AFE8 /* gear@2x.png */,
				08CE9E0316D81B9A008AF6BA /* Icon.png */,
				08CE9E0116D81B69008AF6BA /* Default.png */,
				08CE9DFF16D81B53008AF6BA /* Default@2x.png */,
				08CE9DFD16D81B4B008AF6BA /* Default-568h@2x.png */,
				089C1B881703F4A3008A870D /* disclosureNav.png */,
				0896F3BB1702776A00DDEBE8 /* header.png */,
				0896F3BD170287B500DDEBE8 /* filterButton.png */,
				089C1B6C1703466F008A870D /* libTestFlight.a */,
				089C1B6D1703466F008A870D /* TestFlight.h */,
				08CE9DC616D7C6D4008AF6BA /* WeThePeople */,
				08CE9DBF16D7C6D4008AF6BA /* Frameworks */,
				08CE9DBE16D7C6D4008AF6BA /* Products */,
				4CD6CEC8F877414F8923BA76 /* Pods.xcconfig */,
			);
			sourceTree = "<group>";
		};
		08CE9DBE16D7C6D4008AF6BA /* Products */ = {
			isa = PBXGroup;
			children = (
				08CE9DBD16D7C6D4008AF6BA /* WeThePeople.app */,
			);
			name = Products;
			sourceTree = "<group>";
		};
		08CE9DBF16D7C6D4008AF6BA /* Frameworks */ = {
			isa = PBXGroup;
			children = (
				08CE9DC016D7C6D4008AF6BA /* UIKit.framework */,
				08CE9DC216D7C6D4008AF6BA /* Foundation.framework */,
				08CE9DC416D7C6D4008AF6BA /* CoreGraphics.framework */,
				4B1CF65AF24043B895DE8242 /* libPods.a */,
			);
			name = Frameworks;
			sourceTree = "<group>";
		};
		08CE9DC616D7C6D4008AF6BA /* WeThePeople */ = {
			isa = PBXGroup;
			children = (
				089C1B7717037B9A008A870D /* Parse.framework */,
				08E4B62716FE6D450091AFE8 /* Networking  */,
				08CE9DF816D812FA008AF6BA /* WebViewController.h */,
				08CE9DF916D812FA008AF6BA /* WebViewController.m */,
				089C1B851703D334008A870D /* ShakeView.h */,
				089C1B861703D334008A870D /* ShakeView.m */,
				08CE9DFA16D812FA008AF6BA /* WebViewController.xib */,
				08CE9DCF16D7C6D4008AF6BA /* AppDelegate.h */,
				08CE9DD016D7C6D4008AF6BA /* AppDelegate.m */,
				08CE9DE616D7CACE008AF6BA /* prefs.h */,
				08CE9DE716D7CACE008AF6BA /* prefs.m */,
				08CE9DD816D7C6D5008AF6BA /* ViewController.h */,
				08CE9DD916D7C6D5008AF6BA /* ViewController.m */,
				08CE9DDB16D7C6D5008AF6BA /* ViewController_iPhone.xib */,
				08CE9DDE16D7C6D5008AF6BA /* ViewController_iPad.xib */,
				08CE9DF316D7F575008AF6BA /* awaitingResponseViewController.h */,
				08CE9DF416D7F575008AF6BA /* awaitingResponseViewController.m */,
				08CE9DF516D7F575008AF6BA /* awaitingResponseViewController.xib */,
				08E4B5BE16F0F1760091AFE8 /* FavoritePetitionsViewController.h */,
				08E4B5BF16F0F1760091AFE8 /* FavoritePetitionsViewController.m */,
				08E4B5C016F0F1760091AFE8 /* FavoritePetitionsViewController.xib */,
				08CE9DEE16D7F4B3008AF6BA /* openPeitionsViewController.h */,
				08CE9DEF16D7F4B3008AF6BA /* openPeitionsViewController.m */,
				08CE9DF016D7F4B3008AF6BA /* openPeitionsViewController.xib */,
				08CE9DE916D7F434008AF6BA /* officialResponseViewController.h */,
				08CE9DEA16D7F434008AF6BA /* officialResponseViewController.m */,
				08CE9DEB16D7F434008AF6BA /* officialResponseViewController.xib */,
				0815079B16D9C6C400C311DF /* readme.md */,
				08CE9DC716D7C6D4008AF6BA /* Supporting Files */,
			);
			path = WeThePeople;
			sourceTree = "<group>";
		};
		08CE9DC716D7C6D4008AF6BA /* Supporting Files */ = {
			isa = PBXGroup;
			children = (
				08CE9DC816D7C6D4008AF6BA /* WeThePeople-Info.plist */,
				08CE9DC916D7C6D4008AF6BA /* InfoPlist.strings */,
				08CE9DCC16D7C6D4008AF6BA /* main.m */,
				08CE9DCE16D7C6D4008AF6BA /* WeThePeople-Prefix.pch */,
				08CE9DD216D7C6D4008AF6BA /* Default.png */,
				08CE9DD416D7C6D4008AF6BA /* Default@2x.png */,
				08CE9DD616D7C6D5008AF6BA /* Default-568h@2x.png */,
			);
			name = "Supporting Files";
			sourceTree = "<group>";
		};
		08E4B62716FE6D450091AFE8 /* Networking  */ = {
			isa = PBXGroup;
			children = (
				08E4B62B16FE70B80091AFE8 /* Reachability.h */,
				08E4B62C16FE70B80091AFE8 /* Reachability.m */,
			);
			name = "Networking ";
			sourceTree = "<group>";
		};
/* End PBXGroup section */

/* Begin PBXNativeTarget section */
		08CE9DBC16D7C6D4008AF6BA /* WeThePeople */ = {
			isa = PBXNativeTarget;
			buildConfigurationList = 08CE9DE316D7C6D5008AF6BA /* Build configuration list for PBXNativeTarget "WeThePeople" */;
			buildPhases = (
				08CE9DB916D7C6D4008AF6BA /* Sources */,
				08CE9DBA16D7C6D4008AF6BA /* Frameworks */,
				08CE9DBB16D7C6D4008AF6BA /* Resources */,
				7C072A7AA8D74553BBD3DE19 /* Copy Pods Resources */,
			);
			buildRules = (
			);
			dependencies = (
			);
			name = WeThePeople;
			productName = WeThePeople;
			productReference = 08CE9DBD16D7C6D4008AF6BA /* WeThePeople.app */;
			productType = "com.apple.product-type.application";
		};
/* End PBXNativeTarget section */

/* Begin PBXProject section */
		08CE9DB516D7C6D4008AF6BA /* Project object */ = {
			isa = PBXProject;
			attributes = {
				LastUpgradeCheck = 0460;
				ORGANIZATIONNAME = devnull;
			};
			buildConfigurationList = 08CE9DB816D7C6D4008AF6BA /* Build configuration list for PBXProject "WeThePeople" */;
			compatibilityVersion = "Xcode 3.2";
			developmentRegion = English;
			hasScannedForEncodings = 0;
			knownRegions = (
				en,
			);
			mainGroup = 08CE9DB416D7C6D4008AF6BA;
			productRefGroup = 08CE9DBE16D7C6D4008AF6BA /* Products */;
			projectDirPath = "";
			projectRoot = "";
			targets = (
				08CE9DBC16D7C6D4008AF6BA /* WeThePeople */,
			);
		};
/* End PBXProject section */

/* Begin PBXResourcesBuildPhase section */
		08CE9DBB16D7C6D4008AF6BA /* Resources */ = {
			isa = PBXResourcesBuildPhase;
			buildActionMask = 2147483647;
			files = (
				08CE9DCB16D7C6D4008AF6BA /* InfoPlist.strings in Resources */,
				08CE9DD316D7C6D4008AF6BA /* Default.png in Resources */,
				08CE9DD516D7C6D4008AF6BA /* Default@2x.png in Resources */,
				08CE9DD716D7C6D5008AF6BA /* Default-568h@2x.png in Resources */,
				08CE9DDD16D7C6D5008AF6BA /* ViewController_iPhone.xib in Resources */,
				08CE9DE016D7C6D5008AF6BA /* ViewController_iPad.xib in Resources */,
				08CE9DED16D7F434008AF6BA /* officialResponseViewController.xib in Resources */,
				08CE9DF216D7F4B3008AF6BA /* openPeitionsViewController.xib in Resources */,
				08CE9DF716D7F575008AF6BA /* awaitingResponseViewController.xib in Resources */,
				08CE9DFC16D812FB008AF6BA /* WebViewController.xib in Resources */,
				08CE9DFE16D81B4B008AF6BA /* Default-568h@2x.png in Resources */,
				08CE9E0016D81B53008AF6BA /* Default@2x.png in Resources */,
				08CE9E0216D81B69008AF6BA /* Default.png in Resources */,
				08CE9E0416D81B9A008AF6BA /* Icon.png in Resources */,
				08CE9E0616D81B9E008AF6BA /* Icon@2x.png in Resources */,
				0815079C16D9C6C400C311DF /* readme.md in Resources */,
				08E4B5C216F0F1760091AFE8 /* FavoritePetitionsViewController.xib in Resources */,
				08E4B62516FE47AC0091AFE8 /* gear.png in Resources */,
				08E4B62616FE47AC0091AFE8 /* gear@2x.png in Resources */,
				0896F3BC1702776A00DDEBE8 /* header.png in Resources */,
				0896F3BE170287B500DDEBE8 /* filterButton.png in Resources */,
				089C1B691703302F008A870D /* logo-sm.png in Resources */,
				089C1B6B1703308E008A870D /* logo-lg.png in Resources */,
				089C1B891703F4A3008A870D /* disclosureNav.png in Resources */,
			);
			runOnlyForDeploymentPostprocessing = 0;
		};
/* End PBXResourcesBuildPhase section */

/* Begin PBXShellScriptBuildPhase section */
		7C072A7AA8D74553BBD3DE19 /* Copy Pods Resources */ = {
			isa = PBXShellScriptBuildPhase;
			buildActionMask = 2147483647;
			files = (
			);
			inputPaths = (
			);
			name = "Copy Pods Resources";
			outputPaths = (
			);
			runOnlyForDeploymentPostprocessing = 0;
			shellPath = /bin/sh;
			shellScript = "\"${SRCROOT}/Pods/Pods-resources.sh\"\n";
		};
/* End PBXShellScriptBuildPhase section */

/* Begin PBXSourcesBuildPhase section */
		08CE9DB916D7C6D4008AF6BA /* Sources */ = {
			isa = PBXSourcesBuildPhase;
			buildActionMask = 2147483647;
			files = (
				08CE9DCD16D7C6D4008AF6BA /* main.m in Sources */,
				08CE9DD116D7C6D4008AF6BA /* AppDelegate.m in Sources */,
				08CE9DDA16D7C6D5008AF6BA /* ViewController.m in Sources */,
				08CE9DE816D7CACE008AF6BA /* prefs.m in Sources */,
				08CE9DEC16D7F434008AF6BA /* officialResponseViewController.m in Sources */,
				08CE9DF116D7F4B3008AF6BA /* openPeitionsViewController.m in Sources */,
				08CE9DF616D7F575008AF6BA /* awaitingResponseViewController.m in Sources */,
				08CE9DFB16D812FB008AF6BA /* WebViewController.m in Sources */,
				08E4B5C116F0F1760091AFE8 /* FavoritePetitionsViewController.m in Sources */,
				08E4B62D16FE70B80091AFE8 /* Reachability.m in Sources */,
				089C1B871703D334008A870D /* ShakeView.m in Sources */,
			);
			runOnlyForDeploymentPostprocessing = 0;
		};
/* End PBXSourcesBuildPhase section */

/* Begin PBXVariantGroup section */
		08CE9DC916D7C6D4008AF6BA /* InfoPlist.strings */ = {
			isa = PBXVariantGroup;
			children = (
				08CE9DCA16D7C6D4008AF6BA /* en */,
			);
			name = InfoPlist.strings;
			sourceTree = "<group>";
		};
		08CE9DDB16D7C6D5008AF6BA /* ViewController_iPhone.xib */ = {
			isa = PBXVariantGroup;
			children = (
				08CE9DDC16D7C6D5008AF6BA /* en */,
			);
			name = ViewController_iPhone.xib;
			sourceTree = "<group>";
		};
		08CE9DDE16D7C6D5008AF6BA /* ViewController_iPad.xib */ = {
			isa = PBXVariantGroup;
			children = (
				08CE9DDF16D7C6D5008AF6BA /* en */,
			);
			name = ViewController_iPad.xib;
			sourceTree = "<group>";
		};
/* End PBXVariantGroup section */

/* Begin XCBuildConfiguration section */
		08CE9DE116D7C6D5008AF6BA /* Debug */ = {
			isa = XCBuildConfiguration;
			buildSettings = {
				ALWAYS_SEARCH_USER_PATHS = NO;
				CLANG_CXX_LANGUAGE_STANDARD = "gnu++0x";
				CLANG_CXX_LIBRARY = "libc++";
				CLANG_ENABLE_OBJC_ARC = YES;
				CLANG_WARN_CONSTANT_CONVERSION = YES;
				CLANG_WARN_EMPTY_BODY = YES;
				CLANG_WARN_ENUM_CONVERSION = YES;
				CLANG_WARN_INT_CONVERSION = YES;
				CLANG_WARN__DUPLICATE_METHOD_MATCH = YES;
				CODE_SIGN_IDENTITY = "iPhone Distribution";
				"CODE_SIGN_IDENTITY[sdk=iphoneos*]" = "iPhone Developer";
				COPY_PHASE_STRIP = NO;
				GCC_C_LANGUAGE_STANDARD = gnu99;
				GCC_DYNAMIC_NO_PIC = NO;
				GCC_OPTIMIZATION_LEVEL = 0;
				GCC_PREPROCESSOR_DEFINITIONS = (
					"DEBUG=1",
					"$(inherited)",
				);
				GCC_SYMBOLS_PRIVATE_EXTERN = NO;
				GCC_WARN_ABOUT_RETURN_TYPE = YES;
				GCC_WARN_UNINITIALIZED_AUTOS = YES;
				GCC_WARN_UNUSED_VARIABLE = YES;
				IPHONEOS_DEPLOYMENT_TARGET = 6.1;
				ONLY_ACTIVE_ARCH = YES;
				PROVISIONING_PROFILE = "";
				SDKROOT = iphoneos;
				TARGETED_DEVICE_FAMILY = "1,2";
			};
			name = Debug;
		};
		08CE9DE216D7C6D5008AF6BA /* Release */ = {
			isa = XCBuildConfiguration;
			buildSettings = {
				ALWAYS_SEARCH_USER_PATHS = NO;
				CLANG_CXX_LANGUAGE_STANDARD = "gnu++0x";
				CLANG_CXX_LIBRARY = "libc++";
				CLANG_ENABLE_OBJC_ARC = YES;
				CLANG_WARN_CONSTANT_CONVERSION = YES;
				CLANG_WARN_EMPTY_BODY = YES;
				CLANG_WARN_ENUM_CONVERSION = YES;
				CLANG_WARN_INT_CONVERSION = YES;
				CLANG_WARN__DUPLICATE_METHOD_MATCH = YES;
				CODE_SIGN_IDENTITY = "iPhone Distribution";
				"CODE_SIGN_IDENTITY[sdk=iphoneos*]" = "iPhone Developer";
				COPY_PHASE_STRIP = YES;
				GCC_C_LANGUAGE_STANDARD = gnu99;
				GCC_WARN_ABOUT_RETURN_TYPE = YES;
				GCC_WARN_UNINITIALIZED_AUTOS = YES;
				GCC_WARN_UNUSED_VARIABLE = YES;
				IPHONEOS_DEPLOYMENT_TARGET = 6.1;
				OTHER_CFLAGS = "-DNS_BLOCK_ASSERTIONS=1";
				PROVISIONING_PROFILE = "";
				SDKROOT = iphoneos;
				TARGETED_DEVICE_FAMILY = "1,2";
				VALIDATE_PRODUCT = YES;
			};
			name = Release;
		};
		08CE9DE416D7C6D5008AF6BA /* Debug */ = {
			isa = XCBuildConfiguration;
			baseConfigurationReference = 4CD6CEC8F877414F8923BA76 /* Pods.xcconfig */;
			buildSettings = {
				FRAMEWORK_SEARCH_PATHS = (
					"$(inherited)",
					"\"$(SRCROOT)/WeThePeople\"",
				);
				GCC_PRECOMPILE_PREFIX_HEADER = YES;
				GCC_PREFIX_HEADER = "WeThePeople/WeThePeople-Prefix.pch";
				INFOPLIST_FILE = "WeThePeople/WeThePeople-Info.plist";
				LIBRARY_SEARCH_PATHS = (
					"$(inherited)",
					"\"$(SRCROOT)\"",
				);
				PRODUCT_NAME = "$(TARGET_NAME)";
				TARGETED_DEVICE_FAMILY = 1;
				WRAPPER_EXTENSION = app;
			};
			name = Debug;
		};
		08CE9DE516D7C6D5008AF6BA /* Release */ = {
			isa = XCBuildConfiguration;
			baseConfigurationReference = 4CD6CEC8F877414F8923BA76 /* Pods.xcconfig */;
			buildSettings = {
				FRAMEWORK_SEARCH_PATHS = (
					"$(inherited)",
					"\"$(SRCROOT)/WeThePeople\"",
				);
				GCC_PRECOMPILE_PREFIX_HEADER = YES;
				GCC_PREFIX_HEADER = "WeThePeople/WeThePeople-Prefix.pch";
				INFOPLIST_FILE = "WeThePeople/WeThePeople-Info.plist";
				LIBRARY_SEARCH_PATHS = (
					"$(inherited)",
					"\"$(SRCROOT)\"",
				);
				PRODUCT_NAME = "$(TARGET_NAME)";
				TARGETED_DEVICE_FAMILY = 1;
				WRAPPER_EXTENSION = app;
			};
			name = Release;
		};
/* End XCBuildConfiguration section */

/* Begin XCConfigurationList section */
		08CE9DB816D7C6D4008AF6BA /* Build configuration list for PBXProject "WeThePeople" */ = {
			isa = XCConfigurationList;
			buildConfigurations = (
				08CE9DE116D7C6D5008AF6BA /* Debug */,
				08CE9DE216D7C6D5008AF6BA /* Release */,
			);
			defaultConfigurationIsVisible = 0;
			defaultConfigurationName = Release;
		};
		08CE9DE316D7C6D5008AF6BA /* Build configuration list for PBXNativeTarget "WeThePeople" */ = {
			isa = XCConfigurationList;
			buildConfigurations = (
				08CE9DE416D7C6D5008AF6BA /* Debug */,
				08CE9DE516D7C6D5008AF6BA /* Release */,
			);
			defaultConfigurationIsVisible = 0;
			defaultConfigurationName = Release;
		};
/* End XCConfigurationList section */
	};
	rootObject = 08CE9DB516D7C6D4008AF6BA /* Project object */;
}
